
Microsoft Visual Studio Solution File, Format Version 12.00
# Visual Studio Version 16
VisualStudioVersion = 16.0.30517.126
MinimumVisualStudioVersion = 10.0.40219.1
Project("{FAE04EC0-301F-11D3-BF4B-00C04F79EFBC}") = "SchoedingerLINQ", "SchoedingerLINQ\SchoedingerLINQ.csproj", "{BF4B1883-7FEB-42BC-B8B9-2E43B02E0FA4}"
EndProject
Project("{FAE04EC0-301F-11D3-BF4B-00C04F79EFBC}") = "SchoedingerLINQTests", "SchoedingerLINQTests\SchoedingerLINQTests.csproj", "{08100EBD-CAC2-4B1F-8A4F-C009BFB8B8B3}"
EndProject
Project("{9A19103F-16F7-4668-BE54-9A1E7A4F7556}") = "AttributBeispielApp", "AttributBeispielApp\AttributBeispielApp.csproj", "{17113A0F-28EF-4015-BFBE-366E797810E0}"
EndProject
Project("{FAE04EC0-301F-11D3-BF4B-00C04F79EFBC}") = "SchroedingerParallelPI", "SchroedingerParallelPI\SchroedingerParallelPI.csproj", "{C9D05DDF-E51E-4D70-B091-B35C229CBE19}"
EndProject
Project("{FAE04EC0-301F-11D3-BF4B-00C04F79EFBC}") = "SchroedingerParallelPITests", "SchroedingerParallelPITests\SchroedingerParallelPITests.csproj", "{FD0563C3-24B8-4E32-A972-7165031A5FB9}"
EndProject
Project("{FAE04EC0-301F-11D3-BF4B-00C04F79EFBC}") = "ProducerConsumer", "ProducerConsumer\ProducerConsumer.csproj", "{45108DB3-7FF6-4ED0-8040-14AF807CC767}"
EndProject
Global
	GlobalSection(SolutionConfigurationPlatforms) = preSolution
		Debug|Any CPU = Debug|Any CPU
		Release|Any CPU = Release|Any CPU
	EndGlobalSection
	GlobalSection(ProjectConfigurationPlatforms) = postSolution
		{BF4B1883-7FEB-42BC-B8B9-2E43B02E0FA4}.Debug|Any CPU.ActiveCfg = Debug|Any CPU
		{BF4B1883-7FEB-42BC-B8B9-2E43B02E0FA4}.Debug|Any CPU.Build.0 = Debug|Any CPU
		{BF4B1883-7FEB-42BC-B8B9-2E43B02E0FA4}.Release|Any CPU.ActiveCfg = Release|Any CPU
		{BF4B1883-7FEB-42BC-B8B9-2E43B02E0FA4}.Release|Any CPU.Build.0 = Release|Any CPU
		{08100EBD-CAC2-4B1F-8A4F-C009BFB8B8B3}.Debug|Any CPU.ActiveCfg = Debug|Any CPU
		{08100EBD-CAC2-4B1F-8A4F-C009BFB8B8B3}.Debug|Any CPU.Build.0 = Debug|Any CPU
		{08100EBD-CAC2-4B1F-8A4F-C009BFB8B8B3}.Release|Any CPU.ActiveCfg = Release|Any CPU
		{08100EBD-CAC2-4B1F-8A4F-C009BFB8B8B3}.Release|Any CPU.Build.0 = Release|Any CPU
		{17113A0F-28EF-4015-BFBE-366E797810E0}.Debug|Any CPU.ActiveCfg = Debug|Any CPU
		{17113A0F-28EF-4015-BFBE-366E797810E0}.Debug|Any CPU.Build.0 = Debug|Any CPU
		{17113A0F-28EF-4015-BFBE-366E797810E0}.Release|Any CPU.ActiveCfg = Release|Any CPU
		{17113A0F-28EF-4015-BFBE-366E797810E0}.Release|Any CPU.Build.0 = Release|Any CPU
		{C9D05DDF-E51E-4D70-B091-B35C229CBE19}.Debug|Any CPU.ActiveCfg = Debug|Any CPU
		{C9D05DDF-E51E-4D70-B091-B35C229CBE19}.Debug|Any CPU.Build.0 = Debug|Any CPU
		{C9D05DDF-E51E-4D70-B091-B35C229CBE19}.Release|Any CPU.ActiveCfg = Release|Any CPU
		{C9D05DDF-E51E-4D70-B091-B35C229CBE19}.Release|Any CPU.Build.0 = Release|Any CPU
		{FD0563C3-24B8-4E32-A972-7165031A5FB9}.Debug|Any CPU.ActiveCfg = Debug|Any CPU
		{FD0563C3-24B8-4E32-A972-7165031A5FB9}.Debug|Any CPU.Build.0 = Debug|Any CPU
		{FD0563C3-24B8-4E32-A972-7165031A5FB9}.Release|Any CPU.ActiveCfg = Release|Any CPU
		{FD0563C3-24B8-4E32-A972-7165031A5FB9}.Release|Any CPU.Build.0 = Release|Any CPU
		{45108DB3-7FF6-4ED0-8040-14AF807CC767}.Debug|Any CPU.ActiveCfg = Debug|Any CPU
		{45108DB3-7FF6-4ED0-8040-14AF807CC767}.Debug|Any CPU.Build.0 = Debug|Any CPU
		{45108DB3-7FF6-4ED0-8040-14AF807CC767}.Release|Any CPU.ActiveCfg = Release|Any CPU
		{45108DB3-7FF6-4ED0-8040-14AF807CC767}.Release|Any CPU.Build.0 = Release|Any CPU
	EndGlobalSection
	GlobalSection(SolutionProperties) = preSolution
		HideSolutionNode = FALSE
	EndGlobalSection
	GlobalSection(ExtensibilityGlobals) = postSolution
		SolutionGuid = {E92EA809-C4F1-48AA-9E69-10C2303853B5}
	EndGlobalSection
EndGlobal
